version = 1
revision = 3
requires-python = ">=3.12"

[[package]]
name = "attrs"
version = "25.3.0"
source = { registry = "https://pypi.org/simple" }
sdist = { url = "https://files.pythonhosted.org/packages/5a/b0/1367933a8532ee6ff8d63537de4f1177af4bff9f3e829baf7331f595bb24/attrs-25.3.0.tar.gz", hash = "sha256:75d7cefc7fb576747b2c81b4442d4d4a1ce0900973527c011d1030fd3bf4af1b", size = 812032, upload-time = "2025-03-13T11:10:22.779Z" }
wheels = [
    { url = "https://files.pythonhosted.org/packages/77/06/bb80f5f86020c4551da315d78b3ab75e8228f89f0162f2c3a819e407941a/attrs-25.3.0-py3-none-any.whl", hash = "sha256:427318ce031701fea540783410126f03899a97ffc6f61596ad581ac2e40e3bc3", size = 63815, upload-time = "2025-03-13T11:10:21.14Z" },
]

[[package]]
name = "click"
version = "8.2.1"
source = { registry = "https://pypi.org/simple" }
dependencies = [
    { name = "colorama", marker = "sys_platform == 'win32'" },
]
sdist = { url = "https://files.pythonhosted.org/packages/60/6c/8ca2efa64cf75a977a0d7fac081354553ebe483345c734fb6b6515d96bbc/click-8.2.1.tar.gz", hash = "sha256:27c491cc05d968d271d5a1db13e3b5a184636d9d930f148c50b038f0d0646202", size = 286342, upload-time = "2025-05-20T23:19:49.832Z" }
wheels = [
    { url = "https://files.pythonhosted.org/packages/85/32/10bb5764d90a8eee674e9dc6f4db6a0ab47c8c4d0d83c27f7c39ac415a4d/click-8.2.1-py3-none-any.whl", hash = "sha256:61a3265b914e850b85317d0b3109c7f8cd35a670f963866005d6ef1d5175a12b", size = 102215, upload-time = "2025-05-20T23:19:47.796Z" },
]

[[package]]
name = "colorama"
version = "0.4.6"
source = { registry = "https://pypi.org/simple" }
sdist = { url = "https://files.pythonhosted.org/packages/d8/53/6f443c9a4a8358a93a6792e2acffb9d9d5cb0a5cfd8802644b7b1c9a02e4/colorama-0.4.6.tar.gz", hash = "sha256:08695f5cb7ed6e0531a20572697297273c47b8cae5a63ffc6d6ed5c201be6e44", size = 27697, upload-time = "2022-10-25T02:36:22.414Z" }
wheels = [
    { url = "https://files.pythonhosted.org/packages/d1/d6/3965ed04c63042e047cb6a3e6ed1a63a35087b6a609aa3a15ed8ac56c221/colorama-0.4.6-py2.py3-none-any.whl", hash = "sha256:4f1d9991f5acc0ca119f9d443620b77f9d6b33703e51011c16baf57afb285fc6", size = 25335, upload-time = "2022-10-25T02:36:20.889Z" },
]

[[package]]
name = "coverage"
version = "7.10.7"
source = { registry = "https://pypi.org/simple" }
sdist = { url = "https://files.pythonhosted.org/packages/51/26/d22c300112504f5f9a9fd2297ce33c35f3d353e4aeb987c8419453b2a7c2/coverage-7.10.7.tar.gz", hash = "sha256:f4ab143ab113be368a3e9b795f9cd7906c5ef407d6173fe9675a902e1fffc239", size = 827704, upload-time = "2025-09-21T20:03:56.815Z" }
wheels = [
    { url = "https://files.pythonhosted.org/packages/13/e4/eb12450f71b542a53972d19117ea5a5cea1cab3ac9e31b0b5d498df1bd5a/coverage-7.10.7-cp312-cp312-macosx_10_13_x86_64.whl", hash = "sha256:7bb3b9ddb87ef7725056572368040c32775036472d5a033679d1fa6c8dc08417", size = 218290, upload-time = "2025-09-21T20:01:36.455Z" },
    { url = "https://files.pythonhosted.org/packages/37/66/593f9be12fc19fb36711f19a5371af79a718537204d16ea1d36f16bd78d2/coverage-7.10.7-cp312-cp312-macosx_11_0_arm64.whl", hash = "sha256:18afb24843cbc175687225cab1138c95d262337f5473512010e46831aa0c2973", size = 218515, upload-time = "2025-09-21T20:01:37.982Z" },
    { url = "https://files.pythonhosted.org/packages/66/80/4c49f7ae09cafdacc73fbc30949ffe77359635c168f4e9ff33c9ebb07838/coverage-7.10.7-cp312-cp312-manylinux1_i686.manylinux_2_28_i686.manylinux_2_5_i686.whl", hash = "sha256:399a0b6347bcd3822be369392932884b8216d0944049ae22925631a9b3d4ba4c", size = 250020, upload-time = "2025-09-21T20:01:39.617Z" },
    { url = "https://files.pythonhosted.org/packages/a6/90/a64aaacab3b37a17aaedd83e8000142561a29eb262cede42d94a67f7556b/coverage-7.10.7-cp312-cp312-manylinux1_x86_64.manylinux_2_28_x86_64.manylinux_2_5_x86_64.whl", hash = "sha256:314f2c326ded3f4b09be11bc282eb2fc861184bc95748ae67b360ac962770be7", size = 252769, upload-time = "2025-09-21T20:01:41.341Z" },
    { url = "https://files.pythonhosted.org/packages/98/2e/2dda59afd6103b342e096f246ebc5f87a3363b5412609946c120f4e7750d/coverage-7.10.7-cp312-cp312-manylinux2014_aarch64.manylinux_2_17_aarch64.manylinux_2_28_aarch64.whl", hash = "sha256:c41e71c9cfb854789dee6fc51e46743a6d138b1803fab6cb860af43265b42ea6", size = 253901, upload-time = "2025-09-21T20:01:43.042Z" },
    { url = "https://files.pythonhosted.org/packages/53/dc/8d8119c9051d50f3119bb4a75f29f1e4a6ab9415cd1fa8bf22fcc3fb3b5f/coverage-7.10.7-cp312-cp312-manylinux_2_31_riscv64.manylinux_2_39_riscv64.whl", hash = "sha256:bc01f57ca26269c2c706e838f6422e2a8788e41b3e3c65e2f41148212e57cd59", size = 250413, upload-time = "2025-09-21T20:01:44.469Z" },
    { url = "https://files.pythonhosted.org/packages/98/b3/edaff9c5d79ee4d4b6d3fe046f2b1d799850425695b789d491a64225d493/coverage-7.10.7-cp312-cp312-musllinux_1_2_aarch64.whl", hash = "sha256:a6442c59a8ac8b85812ce33bc4d05bde3fb22321fa8294e2a5b487c3505f611b", size = 251820, upload-time = "2025-09-21T20:01:45.915Z" },
    { url = "https://files.pythonhosted.org/packages/11/25/9a0728564bb05863f7e513e5a594fe5ffef091b325437f5430e8cfb0d530/coverage-7.10.7-cp312-cp312-musllinux_1_2_i686.whl", hash = "sha256:78a384e49f46b80fb4c901d52d92abe098e78768ed829c673fbb53c498bef73a", size = 249941, upload-time = "2025-09-21T20:01:47.296Z" },
    { url = "https://files.pythonhosted.org/packages/e0/fd/ca2650443bfbef5b0e74373aac4df67b08180d2f184b482c41499668e258/coverage-7.10.7-cp312-cp312-musllinux_1_2_riscv64.whl", hash = "sha256:5e1e9802121405ede4b0133aa4340ad8186a1d2526de5b7c3eca519db7bb89fb", size = 249519, upload-time = "2025-09-21T20:01:48.73Z" },
    { url = "https://files.pythonhosted.org/packages/24/79/f692f125fb4299b6f963b0745124998ebb8e73ecdfce4ceceb06a8c6bec5/coverage-7.10.7-cp312-cp312-musllinux_1_2_x86_64.whl", hash = "sha256:d41213ea25a86f69efd1575073d34ea11aabe075604ddf3d148ecfec9e1e96a1", size = 251375, upload-time = "2025-09-21T20:01:50.529Z" },
    { url = "https://files.pythonhosted.org/packages/5e/75/61b9bbd6c7d24d896bfeec57acba78e0f8deac68e6baf2d4804f7aae1f88/coverage-7.10.7-cp312-cp312-win32.whl", hash = "sha256:77eb4c747061a6af8d0f7bdb31f1e108d172762ef579166ec84542f711d90256", size = 220699, upload-time = "2025-09-21T20:01:51.941Z" },
    { url = "https://files.pythonhosted.org/packages/ca/f3/3bf7905288b45b075918d372498f1cf845b5b579b723c8fd17168018d5f5/coverage-7.10.7-cp312-cp312-win_amd64.whl", hash = "sha256:f51328ffe987aecf6d09f3cd9d979face89a617eacdaea43e7b3080777f647ba", size = 221512, upload-time = "2025-09-21T20:01:53.481Z" },
    { url = "https://files.pythonhosted.org/packages/5c/44/3e32dbe933979d05cf2dac5e697c8599cfe038aaf51223ab901e208d5a62/coverage-7.10.7-cp312-cp312-win_arm64.whl", hash = "sha256:bda5e34f8a75721c96085903c6f2197dc398c20ffd98df33f866a9c8fd95f4bf", size = 220147, upload-time = "2025-09-21T20:01:55.2Z" },
    { url = "https://files.pythonhosted.org/packages/9a/94/b765c1abcb613d103b64fcf10395f54d69b0ef8be6a0dd9c524384892cc7/coverage-7.10.7-cp313-cp313-macosx_10_13_x86_64.whl", hash = "sha256:981a651f543f2854abd3b5fcb3263aac581b18209be49863ba575de6edf4c14d", size = 218320, upload-time = "2025-09-21T20:01:56.629Z" },
    { url = "https://files.pythonhosted.org/packages/72/4f/732fff31c119bb73b35236dd333030f32c4bfe909f445b423e6c7594f9a2/coverage-7.10.7-cp313-cp313-macosx_11_0_arm64.whl", hash = "sha256:73ab1601f84dc804f7812dc297e93cd99381162da39c47040a827d4e8dafe63b", size = 218575, upload-time = "2025-09-21T20:01:58.203Z" },
    { url = "https://files.pythonhosted.org/packages/87/02/ae7e0af4b674be47566707777db1aa375474f02a1d64b9323e5813a6cdd5/coverage-7.10.7-cp313-cp313-manylinux1_i686.manylinux_2_28_i686.manylinux_2_5_i686.whl", hash = "sha256:a8b6f03672aa6734e700bbcd65ff050fd19cddfec4b031cc8cf1c6967de5a68e", size = 249568, upload-time = "2025-09-21T20:01:59.748Z" },
    { url = "https://files.pythonhosted.org/packages/a2/77/8c6d22bf61921a59bce5471c2f1f7ac30cd4ac50aadde72b8c48d5727902/coverage-7.10.7-cp313-cp313-manylinux1_x86_64.manylinux_2_28_x86_64.manylinux_2_5_x86_64.whl", hash = "sha256:10b6ba00ab1132a0ce4428ff68cf50a25efd6840a42cdf4239c9b99aad83be8b", size = 252174, upload-time = "2025-09-21T20:02:01.192Z" },
    { url = "https://files.pythonhosted.org/packages/b1/20/b6ea4f69bbb52dac0aebd62157ba6a9dddbfe664f5af8122dac296c3ee15/coverage-7.10.7-cp313-cp313-manylinux2014_aarch64.manylinux_2_17_aarch64.manylinux_2_28_aarch64.whl", hash = "sha256:c79124f70465a150e89340de5963f936ee97097d2ef76c869708c4248c63ca49", size = 253447, upload-time = "2025-09-21T20:02:02.701Z" },
    { url = "https://files.pythonhosted.org/packages/f9/28/4831523ba483a7f90f7b259d2018fef02cb4d5b90bc7c1505d6e5a84883c/coverage-7.10.7-cp313-cp313-manylinux_2_31_riscv64.manylinux_2_39_riscv64.whl", hash = "sha256:69212fbccdbd5b0e39eac4067e20a4a5256609e209547d86f740d68ad4f04911", size = 249779, upload-time = "2025-09-21T20:02:04.185Z" },
    { url = "https://files.pythonhosted.org/packages/a7/9f/4331142bc98c10ca6436d2d620c3e165f31e6c58d43479985afce6f3191c/coverage-7.10.7-cp313-cp313-musllinux_1_2_aarch64.whl", hash = "sha256:7ea7c6c9d0d286d04ed3541747e6597cbe4971f22648b68248f7ddcd329207f0", size = 251604, upload-time = "2025-09-21T20:02:06.034Z" },
    { url = "https://files.pythonhosted.org/packages/ce/60/bda83b96602036b77ecf34e6393a3836365481b69f7ed7079ab85048202b/coverage-7.10.7-cp313-cp313-musllinux_1_2_i686.whl", hash = "sha256:b9be91986841a75042b3e3243d0b3cb0b2434252b977baaf0cd56e960fe1e46f", size = 249497, upload-time = "2025-09-21T20:02:07.619Z" },
    { url = "https://files.pythonhosted.org/packages/5f/af/152633ff35b2af63977edd835d8e6430f0caef27d171edf2fc76c270ef31/coverage-7.10.7-cp313-cp313-musllinux_1_2_riscv64.whl", hash = "sha256:b281d5eca50189325cfe1f365fafade89b14b4a78d9b40b05ddd1fc7d2a10a9c", size = 249350, upload-time = "2025-09-21T20:02:10.34Z" },
    { url = "https://files.pythonhosted.org/packages/9d/71/d92105d122bd21cebba877228990e1646d862e34a98bb3374d3fece5a794/coverage-7.10.7-cp313-cp313-musllinux_1_2_x86_64.whl", hash = "sha256:99e4aa63097ab1118e75a848a28e40d68b08a5e19ce587891ab7fd04475e780f", size = 251111, upload-time = "2025-09-21T20:02:12.122Z" },
    { url = "https://files.pythonhosted.org/packages/a2/9e/9fdb08f4bf476c912f0c3ca292e019aab6712c93c9344a1653986c3fd305/coverage-7.10.7-cp313-cp313-win32.whl", hash = "sha256:dc7c389dce432500273eaf48f410b37886be9208b2dd5710aaf7c57fd442c698", size = 220746, upload-time = "2025-09-21T20:02:13.919Z" },
    { url = "https://files.pythonhosted.org/packages/b1/b1/a75fd25df44eab52d1931e89980d1ada46824c7a3210be0d3c88a44aaa99/coverage-7.10.7-cp313-cp313-win_amd64.whl", hash = "sha256:cac0fdca17b036af3881a9d2729a850b76553f3f716ccb0360ad4dbc06b3b843", size = 221541, upload-time = "2025-09-21T20:02:15.57Z" },
    { url = "https://files.pythonhosted.org/packages/14/3a/d720d7c989562a6e9a14b2c9f5f2876bdb38e9367126d118495b89c99c37/coverage-7.10.7-cp313-cp313-win_arm64.whl", hash = "sha256:4b6f236edf6e2f9ae8fcd1332da4e791c1b6ba0dc16a2dc94590ceccb482e546", size = 220170, upload-time = "2025-09-21T20:02:17.395Z" },
    { url = "https://files.pythonhosted.org/packages/bb/22/e04514bf2a735d8b0add31d2b4ab636fc02370730787c576bb995390d2d5/coverage-7.10.7-cp313-cp313t-macosx_10_13_x86_64.whl", hash = "sha256:a0ec07fd264d0745ee396b666d47cef20875f4ff2375d7c4f58235886cc1ef0c", size = 219029, upload-time = "2025-09-21T20:02:18.936Z" },
    { url = "https://files.pythonhosted.org/packages/11/0b/91128e099035ece15da3445d9015e4b4153a6059403452d324cbb0a575fa/coverage-7.10.7-cp313-cp313t-macosx_11_0_arm64.whl", hash = "sha256:dd5e856ebb7bfb7672b0086846db5afb4567a7b9714b8a0ebafd211ec7ce6a15", size = 219259, upload-time = "2025-09-21T20:02:20.44Z" },
    { url = "https://files.pythonhosted.org/packages/8b/51/66420081e72801536a091a0c8f8c1f88a5c4bf7b9b1bdc6222c7afe6dc9b/coverage-7.10.7-cp313-cp313t-manylinux1_i686.manylinux_2_28_i686.manylinux_2_5_i686.whl", hash = "sha256:f57b2a3c8353d3e04acf75b3fed57ba41f5c0646bbf1d10c7c282291c97936b4", size = 260592, upload-time = "2025-09-21T20:02:22.313Z" },
    { url = "https://files.pythonhosted.org/packages/5d/22/9b8d458c2881b22df3db5bb3e7369e63d527d986decb6c11a591ba2364f7/coverage-7.10.7-cp313-cp313t-manylinux1_x86_64.manylinux_2_28_x86_64.manylinux_2_5_x86_64.whl", hash = "sha256:1ef2319dd15a0b009667301a3f84452a4dc6fddfd06b0c5c53ea472d3989fbf0", size = 262768, upload-time = "2025-09-21T20:02:24.287Z" },
    { url = "https://files.pythonhosted.org/packages/f7/08/16bee2c433e60913c610ea200b276e8eeef084b0d200bdcff69920bd5828/coverage-7.10.7-cp313-cp313t-manylinux2014_aarch64.manylinux_2_17_aarch64.manylinux_2_28_aarch64.whl", hash = "sha256:83082a57783239717ceb0ad584de3c69cf581b2a95ed6bf81ea66034f00401c0", size = 264995, upload-time = "2025-09-21T20:02:26.133Z" },
    { url = "https://files.pythonhosted.org/packages/20/9d/e53eb9771d154859b084b90201e5221bca7674ba449a17c101a5031d4054/coverage-7.10.7-cp313-cp313t-manylinux_2_31_riscv64.manylinux_2_39_riscv64.whl", hash = "sha256:50aa94fb1fb9a397eaa19c0d5ec15a5edd03a47bf1a3a6111a16b36e190cff65", size = 259546, upload-time = "2025-09-21T20:02:27.716Z" },
    { url = "https://files.pythonhosted.org/packages/ad/b0/69bc7050f8d4e56a89fb550a1577d5d0d1db2278106f6f626464067b3817/coverage-7.10.7-cp313-cp313t-musllinux_1_2_aarch64.whl", hash = "sha256:2120043f147bebb41c85b97ac45dd173595ff14f2a584f2963891cbcc3091541", size = 262544, upload-time = "2025-09-21T20:02:29.216Z" },
    { url = "https://files.pythonhosted.org/packages/ef/4b/2514b060dbd1bc0aaf23b852c14bb5818f244c664cb16517feff6bb3a5ab/coverage-7.10.7-cp313-cp313t-musllinux_1_2_i686.whl", hash = "sha256:2fafd773231dd0378fdba66d339f84904a8e57a262f583530f4f156ab83863e6", size = 260308, upload-time = "2025-09-21T20:02:31.226Z" },
    { url = "https://files.pythonhosted.org/packages/54/78/7ba2175007c246d75e496f64c06e94122bdb914790a1285d627a918bd271/coverage-7.10.7-cp313-cp313t-musllinux_1_2_riscv64.whl", hash = "sha256:0b944ee8459f515f28b851728ad224fa2d068f1513ef6b7ff1efafeb2185f999", size = 258920, upload-time = "2025-09-21T20:02:32.823Z" },
    { url = "https://files.pythonhosted.org/packages/c0/b3/fac9f7abbc841409b9a410309d73bfa6cfb2e51c3fada738cb607ce174f8/coverage-7.10.7-cp313-cp313t-musllinux_1_2_x86_64.whl", hash = "sha256:4b583b97ab2e3efe1b3e75248a9b333bd3f8b0b1b8e5b45578e05e5850dfb2c2", size = 261434, upload-time = "2025-09-21T20:02:34.86Z" },
    { url = "https://files.pythonhosted.org/packages/ee/51/a03bec00d37faaa891b3ff7387192cef20f01604e5283a5fabc95346befa/coverage-7.10.7-cp313-cp313t-win32.whl", hash = "sha256:2a78cd46550081a7909b3329e2266204d584866e8d97b898cd7fb5ac8d888b1a", size = 221403, upload-time = "2025-09-21T20:02:37.034Z" },
    { url = "https://files.pythonhosted.org/packages/53/22/3cf25d614e64bf6d8e59c7c669b20d6d940bb337bdee5900b9ca41c820bb/coverage-7.10.7-cp313-cp313t-win_amd64.whl", hash = "sha256:33a5e6396ab684cb43dc7befa386258acb2d7fae7f67330ebb85ba4ea27938eb", size = 222469, upload-time = "2025-09-21T20:02:39.011Z" },
    { url = "https://files.pythonhosted.org/packages/49/a1/00164f6d30d8a01c3c9c48418a7a5be394de5349b421b9ee019f380df2a0/coverage-7.10.7-cp313-cp313t-win_arm64.whl", hash = "sha256:86b0e7308289ddde73d863b7683f596d8d21c7d8664ce1dee061d0bcf3fbb4bb", size = 220731, upload-time = "2025-09-21T20:02:40.939Z" },
    { url = "https://files.pythonhosted.org/packages/23/9c/5844ab4ca6a4dd97a1850e030a15ec7d292b5c5cb93082979225126e35dd/coverage-7.10.7-cp314-cp314-macosx_10_13_x86_64.whl", hash = "sha256:b06f260b16ead11643a5a9f955bd4b5fd76c1a4c6796aeade8520095b75de520", size = 218302, upload-time = "2025-09-21T20:02:42.527Z" },
    { url = "https://files.pythonhosted.org/packages/f0/89/673f6514b0961d1f0e20ddc242e9342f6da21eaba3489901b565c0689f34/coverage-7.10.7-cp314-cp314-macosx_11_0_arm64.whl", hash = "sha256:212f8f2e0612778f09c55dd4872cb1f64a1f2b074393d139278ce902064d5b32", size = 218578, upload-time = "2025-09-21T20:02:44.468Z" },
    { url = "https://files.pythonhosted.org/packages/05/e8/261cae479e85232828fb17ad536765c88dd818c8470aca690b0ac6feeaa3/coverage-7.10.7-cp314-cp314-manylinux1_i686.manylinux_2_28_i686.manylinux_2_5_i686.whl", hash = "sha256:3445258bcded7d4aa630ab8296dea4d3f15a255588dd535f980c193ab6b95f3f", size = 249629, upload-time = "2025-09-21T20:02:46.503Z" },
    { url = "https://files.pythonhosted.org/packages/82/62/14ed6546d0207e6eda876434e3e8475a3e9adbe32110ce896c9e0c06bb9a/coverage-7.10.7-cp314-cp314-manylinux1_x86_64.manylinux_2_28_x86_64.manylinux_2_5_x86_64.whl", hash = "sha256:bb45474711ba385c46a0bfe696c695a929ae69ac636cda8f532be9e8c93d720a", size = 252162, upload-time = "2025-09-21T20:02:48.689Z" },
    { url = "https://files.pythonhosted.org/packages/ff/49/07f00db9ac6478e4358165a08fb41b469a1b053212e8a00cb02f0d27a05f/coverage-7.10.7-cp314-cp314-manylinux2014_aarch64.manylinux_2_17_aarch64.manylinux_2_28_aarch64.whl", hash = "sha256:813922f35bd800dca9994c5971883cbc0d291128a5de6b167c7aa697fcf59360", size = 253517, upload-time = "2025-09-21T20:02:50.31Z" },
    { url = "https://files.pythonhosted.org/packages/a2/59/c5201c62dbf165dfbc91460f6dbbaa85a8b82cfa6131ac45d6c1bfb52deb/coverage-7.10.7-cp314-cp314-manylinux_2_31_riscv64.manylinux_2_39_riscv64.whl", hash = "sha256:93c1b03552081b2a4423091d6fb3787265b8f86af404cff98d1b5342713bdd69", size = 249632, upload-time = "2025-09-21T20:02:51.971Z" },
    { url = "https://files.pythonhosted.org/packages/07/ae/5920097195291a51fb00b3a70b9bbd2edbfe3c84876a1762bd1ef1565ebc/coverage-7.10.7-cp314-cp314-musllinux_1_2_aarch64.whl", hash = "sha256:cc87dd1b6eaf0b848eebb1c86469b9f72a1891cb42ac7adcfbce75eadb13dd14", size = 251520, upload-time = "2025-09-21T20:02:53.858Z" },
    { url = "https://files.pythonhosted.org/packages/b9/3c/a815dde77a2981f5743a60b63df31cb322c944843e57dbd579326625a413/coverage-7.10.7-cp314-cp314-musllinux_1_2_i686.whl", hash = "sha256:39508ffda4f343c35f3236fe8d1a6634a51f4581226a1262769d7f970e73bffe", size = 249455, upload-time = "2025-09-21T20:02:55.807Z" },
    { url = "https://files.pythonhosted.org/packages/aa/99/f5cdd8421ea656abefb6c0ce92556709db2265c41e8f9fc6c8ae0f7824c9/coverage-7.10.7-cp314-cp314-musllinux_1_2_riscv64.whl", hash = "sha256:925a1edf3d810537c5a3abe78ec5530160c5f9a26b1f4270b40e62cc79304a1e", size = 249287, upload-time = "2025-09-21T20:02:57.784Z" },
    { url = "https://files.pythonhosted.org/packages/c3/7a/e9a2da6a1fc5d007dd51fca083a663ab930a8c4d149c087732a5dbaa0029/coverage-7.10.7-cp314-cp314-musllinux_1_2_x86_64.whl", hash = "sha256:2c8b9a0636f94c43cd3576811e05b89aa9bc2d0a85137affc544ae5cb0e4bfbd", size = 250946, upload-time = "2025-09-21T20:02:59.431Z" },
    { url = "https://files.pythonhosted.org/packages/ef/5b/0b5799aa30380a949005a353715095d6d1da81927d6dbed5def2200a4e25/coverage-7.10.7-cp314-cp314-win32.whl", hash = "sha256:b7b8288eb7cdd268b0304632da8cb0bb93fadcfec2fe5712f7b9cc8f4d487be2", size = 221009, upload-time = "2025-09-21T20:03:01.324Z" },
    { url = "https://files.pythonhosted.org/packages/da/b0/e802fbb6eb746de006490abc9bb554b708918b6774b722bb3a0e6aa1b7de/coverage-7.10.7-cp314-cp314-win_amd64.whl", hash = "sha256:1ca6db7c8807fb9e755d0379ccc39017ce0a84dcd26d14b5a03b78563776f681", size = 221804, upload-time = "2025-09-21T20:03:03.4Z" },
    { url = "https://files.pythonhosted.org/packages/9e/e8/71d0c8e374e31f39e3389bb0bd19e527d46f00ea8571ec7ec8fd261d8b44/coverage-7.10.7-cp314-cp314-win_arm64.whl", hash = "sha256:097c1591f5af4496226d5783d036bf6fd6cd0cbc132e071b33861de756efb880", size = 220384, upload-time = "2025-09-21T20:03:05.111Z" },
    { url = "https://files.pythonhosted.org/packages/62/09/9a5608d319fa3eba7a2019addeacb8c746fb50872b57a724c9f79f146969/coverage-7.10.7-cp314-cp314t-macosx_10_13_x86_64.whl", hash = "sha256:a62c6ef0d50e6de320c270ff91d9dd0a05e7250cac2a800b7784bae474506e63", size = 219047, upload-time = "2025-09-21T20:03:06.795Z" },
    { url = "https://files.pythonhosted.org/packages/f5/6f/f58d46f33db9f2e3647b2d0764704548c184e6f5e014bef528b7f979ef84/coverage-7.10.7-cp314-cp314t-macosx_11_0_arm64.whl", hash = "sha256:9fa6e4dd51fe15d8738708a973470f67a855ca50002294852e9571cdbd9433f2", size = 219266, upload-time = "2025-09-21T20:03:08.495Z" },
    { url = "https://files.pythonhosted.org/packages/74/5c/183ffc817ba68e0b443b8c934c8795553eb0c14573813415bd59941ee165/coverage-7.10.7-cp314-cp314t-manylinux1_i686.manylinux_2_28_i686.manylinux_2_5_i686.whl", hash = "sha256:8fb190658865565c549b6b4706856d6a7b09302c797eb2cf8e7fe9dabb043f0d", size = 260767, upload-time = "2025-09-21T20:03:10.172Z" },
    { url = "https://files.pythonhosted.org/packages/0f/48/71a8abe9c1ad7e97548835e3cc1adbf361e743e9d60310c5f75c9e7bf847/coverage-7.10.7-cp314-cp314t-manylinux1_x86_64.manylinux_2_28_x86_64.manylinux_2_5_x86_64.whl", hash = "sha256:affef7c76a9ef259187ef31599a9260330e0335a3011732c4b9effa01e1cd6e0", size = 262931, upload-time = "2025-09-21T20:03:11.861Z" },
    { url = "https://files.pythonhosted.org/packages/84/fd/193a8fb132acfc0a901f72020e54be5e48021e1575bb327d8ee1097a28fd/coverage-7.10.7-cp314-cp314t-manylinux2014_aarch64.manylinux_2_17_aarch64.manylinux_2_28_aarch64.whl", hash = "sha256:6e16e07d85ca0cf8bafe5f5d23a0b850064e8e945d5677492b06bbe6f09cc699", size = 265186, upload-time = "2025-09-21T20:03:13.539Z" },
    { url = "https://files.pythonhosted.org/packages/b1/8f/74ecc30607dd95ad50e3034221113ccb1c6d4e8085cc761134782995daae/coverage-7.10.7-cp314-cp314t-manylinux_2_31_riscv64.manylinux_2_39_riscv64.whl", hash = "sha256:03ffc58aacdf65d2a82bbeb1ffe4d01ead4017a21bfd0454983b88ca73af94b9", size = 259470, upload-time = "2025-09-21T20:03:15.584Z" },
    { url = "https://files.pythonhosted.org/packages/0f/55/79ff53a769f20d71b07023ea115c9167c0bb56f281320520cf64c5298a96/coverage-7.10.7-cp314-cp314t-musllinux_1_2_aarch64.whl", hash = "sha256:1b4fd784344d4e52647fd7857b2af5b3fbe6c239b0b5fa63e94eb67320770e0f", size = 262626, upload-time = "2025-09-21T20:03:17.673Z" },
    { url = "https://files.pythonhosted.org/packages/88/e2/dac66c140009b61ac3fc13af673a574b00c16efdf04f9b5c740703e953c0/coverage-7.10.7-cp314-cp314t-musllinux_1_2_i686.whl", hash = "sha256:0ebbaddb2c19b71912c6f2518e791aa8b9f054985a0769bdb3a53ebbc765c6a1", size = 260386, upload-time = "2025-09-21T20:03:19.36Z" },
    { url = "https://files.pythonhosted.org/packages/a2/f1/f48f645e3f33bb9ca8a496bc4a9671b52f2f353146233ebd7c1df6160440/coverage-7.10.7-cp314-cp314t-musllinux_1_2_riscv64.whl", hash = "sha256:a2d9a3b260cc1d1dbdb1c582e63ddcf5363426a1a68faa0f5da28d8ee3c722a0", size = 258852, upload-time = "2025-09-21T20:03:21.007Z" },
    { url = "https://files.pythonhosted.org/packages/bb/3b/8442618972c51a7affeead957995cfa8323c0c9bcf8fa5a027421f720ff4/coverage-7.10.7-cp314-cp314t-musllinux_1_2_x86_64.whl", hash = "sha256:a3cc8638b2480865eaa3926d192e64ce6c51e3d29c849e09d5b4ad95efae5399", size = 261534, upload-time = "2025-09-21T20:03:23.12Z" },
    { url = "https://files.pythonhosted.org/packages/b2/dc/101f3fa3a45146db0cb03f5b4376e24c0aac818309da23e2de0c75295a91/coverage-7.10.7-cp314-cp314t-win32.whl", hash = "sha256:67f8c5cbcd3deb7a60b3345dffc89a961a484ed0af1f6f73de91705cc6e31235", size = 221784, upload-time = "2025-09-21T20:03:24.769Z" },
    { url = "https://files.pythonhosted.org/packages/4c/a1/74c51803fc70a8a40d7346660379e144be772bab4ac7bb6e6b905152345c/coverage-7.10.7-cp314-cp314t-win_amd64.whl", hash = "sha256:e1ed71194ef6dea7ed2d5cb5f7243d4bcd334bfb63e59878519be558078f848d", size = 222905, upload-time = "2025-09-21T20:03:26.93Z" },
    { url = "https://files.pythonhosted.org/packages/12/65/f116a6d2127df30bcafbceef0302d8a64ba87488bf6f73a6d8eebf060873/coverage-7.10.7-cp314-cp314t-win_arm64.whl", hash = "sha256:7fe650342addd8524ca63d77b2362b02345e5f1a093266787d210c70a50b471a", size = 220922, upload-time = "2025-09-21T20:03:28.672Z" },
    { url = "https://files.pythonhosted.org/packages/ec/16/114df1c291c22cac3b0c127a73e0af5c12ed7bbb6558d310429a0ae24023/coverage-7.10.7-py3-none-any.whl", hash = "sha256:f7941f6f2fe6dd6807a1208737b8a0cbcf1cc6d7b07d24998ad2d63590868260", size = 209952, upload-time = "2025-09-21T20:03:53.918Z" },
]

[[package]]
name = "iniconfig"
version = "2.1.0"
source = { registry = "https://pypi.org/simple" }
sdist = { url = "https://files.pythonhosted.org/packages/f2/97/ebf4da567aa6827c909642694d71c9fcf53e5b504f2d96afea02718862f3/iniconfig-2.1.0.tar.gz", hash = "sha256:3abbd2e30b36733fee78f9c7f7308f2d0050e88f0087fd25c2645f63c773e1c7", size = 4793, upload-time = "2025-03-19T20:09:59.721Z" }
wheels = [
    { url = "https://files.pythonhosted.org/packages/2c/e1/e6716421ea10d38022b952c159d5161ca1193197fb744506875fbb87ea7b/iniconfig-2.1.0-py3-none-any.whl", hash = "sha256:9deba5723312380e77435581c6bf4935c94cbfab9b1ed33ef8d238ea168eb760", size = 6050, upload-time = "2025-03-19T20:10:01.071Z" },
]

[[package]]
name = "multimethod"
version = "2.0"
source = { registry = "https://pypi.org/simple" }
sdist = { url = "https://files.pythonhosted.org/packages/55/14/34e8c84ba4f1ab1186dc07426e0e84be71d3336cc57e8d076ee14331d50e/multimethod-2.0.tar.gz", hash = "sha256:c628b6d2e7d61fbe58484dd884d990901e8314faf58af062e72b65e3423cb109", size = 16065, upload-time = "2024-12-27T02:09:34.423Z" }
wheels = [
    { url = "https://files.pythonhosted.org/packages/84/42/a285fc4b89b3a249538954779cd4082a85bf35dc7d0a9c93e48e146e3dc7/multimethod-2.0-py3-none-any.whl", hash = "sha256:45aa231dc9dbb7f980c0f2ad8179e2c2b72a8cd5c7d7534337be66dde29d35be", size = 9836, upload-time = "2024-12-27T02:09:31.671Z" },
]

[[package]]
name = "packaging"
version = "25.0"
source = { registry = "https://pypi.org/simple" }
sdist = { url = "https://files.pythonhosted.org/packages/a1/d4/1fc4078c65507b51b96ca8f8c3ba19e6a61c8253c72794544580a7b6c24d/packaging-25.0.tar.gz", hash = "sha256:d443872c98d677bf60f6a1f2f8c1cb748e8fe762d2bf9d3148b5599295b0fc4f", size = 165727, upload-time = "2025-04-19T11:48:59.673Z" }
wheels = [
    { url = "https://files.pythonhosted.org/packages/20/12/38679034af332785aac8774540895e234f4d07f7545804097de4b666afd8/packaging-25.0-py3-none-any.whl", hash = "sha256:29572ef2b1f17581046b3a2227d5c611fb25ec70ca1ba8554b24b0e69331a484", size = 66469, upload-time = "2025-04-19T11:48:57.875Z" },
]

[[package]]
name = "pluggy"
version = "1.6.0"
source = { registry = "https://pypi.org/simple" }
sdist = { url = "https://files.pythonhosted.org/packages/f9/e2/3e91f31a7d2b083fe6ef3fa267035b518369d9511ffab804f839851d2779/pluggy-1.6.0.tar.gz", hash = "sha256:7dcc130b76258d33b90f61b658791dede3486c3e6bfb003ee5c9bfb396dd22f3", size = 69412, upload-time = "2025-05-15T12:30:07.975Z" }
wheels = [
    { url = "https://files.pythonhosted.org/packages/54/20/4d324d65cc6d9205fabedc306948156824eb9f0ee1633355a8f7ec5c66bf/pluggy-1.6.0-py3-none-any.whl", hash = "sha256:e920276dd6813095e9377c0bc5566d94c932c33b27a3e3945d8389c374dd4746", size = 20538, upload-time = "2025-05-15T12:30:06.134Z" },
]

[[package]]
name = "precisely"
version = "0.1.9"
source = { registry = "https://pypi.org/simple" }
sdist = { url = "https://files.pythonhosted.org/packages/e0/f6/eb04e28fc004457cc3acd10eaac21d05b3fa11d8d36b7c63b73d0d017311/precisely-0.1.9.tar.gz", hash = "sha256:c9e7262879324fd192bc13036037a95273c3053dc548df2113a3d51cb9350ed7", size = 10461, upload-time = "2020-10-10T15:34:59.584Z" }
wheels = [
    { url = "https://files.pythonhosted.org/packages/5f/71/8341f93f3ec4d3d49cf8b2c7a64c6134ae2cb748ae8aa05b7fc95f6173e2/precisely-0.1.9-py2.py3-none-any.whl", hash = "sha256:7277eed5ffa094658d79eb0ae37b77fc0d481607da1a4511637492671476ee1e", size = 11812, upload-time = "2020-10-10T15:35:01.807Z" },
]

[[package]]
name = "pygments"
version = "2.19.2"
source = { registry = "https://pypi.org/simple" }
sdist = { url = "https://files.pythonhosted.org/packages/b0/77/a5b8c569bf593b0140bde72ea885a803b82086995367bf2037de0159d924/pygments-2.19.2.tar.gz", hash = "sha256:636cb2477cec7f8952536970bc533bc43743542f70392ae026374600add5b887", size = 4968631, upload-time = "2025-06-21T13:39:12.283Z" }
wheels = [
    { url = "https://files.pythonhosted.org/packages/c7/21/705964c7812476f378728bdf590ca4b771ec72385c533964653c68e86bdc/pygments-2.19.2-py3-none-any.whl", hash = "sha256:86540386c03d588bb81d44bc3928634ff26449851e99741617ecb9037ee5ec0b", size = 1225217, upload-time = "2025-06-21T13:39:07.939Z" },
]

[[package]]
name = "pytest"
version = "8.4.1"
source = { registry = "https://pypi.org/simple" }
dependencies = [
    { name = "colorama", marker = "sys_platform == 'win32'" },
    { name = "iniconfig" },
    { name = "packaging" },
    { name = "pluggy" },
    { name = "pygments" },
]
sdist = { url = "https://files.pythonhosted.org/packages/08/ba/45911d754e8eba3d5a841a5ce61a65a685ff1798421ac054f85aa8747dfb/pytest-8.4.1.tar.gz", hash = "sha256:7c67fd69174877359ed9371ec3af8a3d2b04741818c51e5e99cc1742251fa93c", size = 1517714, upload-time = "2025-06-18T05:48:06.109Z" }
wheels = [
    { url = "https://files.pythonhosted.org/packages/29/16/c8a903f4c4dffe7a12843191437d7cd8e32751d5de349d45d3fe69544e87/pytest-8.4.1-py3-none-any.whl", hash = "sha256:539c70ba6fcead8e78eebbf1115e8b589e7565830d7d006a8723f19ac8a0afb7", size = 365474, upload-time = "2025-06-18T05:48:03.955Z" },
]

[[package]]
name = "pytest-cov"
version = "7.0.0"
source = { registry = "https://pypi.org/simple" }
dependencies = [
    { name = "coverage" },
    { name = "pluggy" },
    { name = "pytest" },
]
sdist = { url = "https://files.pythonhosted.org/packages/5e/f7/c933acc76f5208b3b00089573cf6a2bc26dc80a8aece8f52bb7d6b1855ca/pytest_cov-7.0.0.tar.gz", hash = "sha256:33c97eda2e049a0c5298e91f519302a1334c26ac65c1a483d6206fd458361af1", size = 54328, upload-time = "2025-09-09T10:57:02.113Z" }
wheels = [
    { url = "https://files.pythonhosted.org/packages/ee/49/1377b49de7d0c1ce41292161ea0f721913fa8722c19fb9c1e3aa0367eecb/pytest_cov-7.0.0-py3-none-any.whl", hash = "sha256:3b8e9558b16cc1479da72058bdecf8073661c7f57f7d3c5f22a1c23507f2d861", size = 22424, upload-time = "2025-09-09T10:57:00.695Z" },
]

[[package]]
name = "rift"
version = "1.1"
source = { editable = "." }
dependencies = [
    { name = "attrs" },
    { name = "click" },
    { name = "multimethod" },
    { name = "pytest-cov" },
    { name = "structlog" },
]

[package.dev-dependencies]
dev = [
    { name = "coverage" },
    { name = "precisely" },
    { name = "pytest" },
    { name = "ruff" },
    { name = "ty" },
]
lint = [
    { name = "ruff" },
]
test = [
    { name = "coverage" },
    { name = "precisely" },
    { name = "pytest" },
]
typing = [
    { name = "ty" },
]

[package.metadata]
requires-dist = [
    { name = "attrs", specifier = ">=25.3.0" },
    { name = "click", specifier = ">=8.1" },
    { name = "multimethod", specifier = ">=2.0" },
    { name = "pytest-cov", specifier = ">=7.0.0" },
    { name = "structlog", specifier = ">=25.4.0" },
]

[package.metadata.requires-dev]
dev = [
    { name = "coverage", specifier = ">=7.10.7" },
    { name = "precisely", specifier = ">=0.1.9" },
    { name = "pytest", specifier = ">=8.3.4" },
    { name = "ruff", specifier = ">=0.9.3" },
    { name = "ty", specifier = ">=0.0.1a21" },
]
lint = [{ name = "ruff", specifier = ">=0.9.3" }]
test = [
    { name = "coverage", specifier = ">=7.10.7" },
    { name = "precisely", specifier = ">=0.1.9" },
    { name = "pytest", specifier = ">=8.3.4" },
]
typing = [{ name = "ty", specifier = ">=0.0.1a21" }]

[[package]]
name = "ruff"
version = "0.12.11"
source = { registry = "https://pypi.org/simple" }
sdist = { url = "https://files.pythonhosted.org/packages/de/55/16ab6a7d88d93001e1ae4c34cbdcfb376652d761799459ff27c1dc20f6fa/ruff-0.12.11.tar.gz", hash = "sha256:c6b09ae8426a65bbee5425b9d0b82796dbb07cb1af045743c79bfb163001165d", size = 5347103, upload-time = "2025-08-28T13:59:08.87Z" }
wheels = [
    { url = "https://files.pythonhosted.org/packages/d6/a2/3b3573e474de39a7a475f3fbaf36a25600bfeb238e1a90392799163b64a0/ruff-0.12.11-py3-none-linux_armv6l.whl", hash = "sha256:93fce71e1cac3a8bf9200e63a38ac5c078f3b6baebffb74ba5274fb2ab276065", size = 11979885, upload-time = "2025-08-28T13:58:26.654Z" },
    { url = "https://files.pythonhosted.org/packages/76/e4/235ad6d1785a2012d3ded2350fd9bc5c5af8c6f56820e696b0118dfe7d24/ruff-0.12.11-py3-none-macosx_10_12_x86_64.whl", hash = "sha256:b8e33ac7b28c772440afa80cebb972ffd823621ded90404f29e5ab6d1e2d4b93", size = 12742364, upload-time = "2025-08-28T13:58:30.256Z" },
    { url = "https://files.pythonhosted.org/packages/2c/0d/15b72c5fe6b1e402a543aa9d8960e0a7e19dfb079f5b0b424db48b7febab/ruff-0.12.11-py3-none-macosx_11_0_arm64.whl", hash = "sha256:d69fb9d4937aa19adb2e9f058bc4fbfe986c2040acb1a4a9747734834eaa0bfd", size = 11920111, upload-time = "2025-08-28T13:58:33.677Z" },
    { url = "https://files.pythonhosted.org/packages/3e/c0/f66339d7893798ad3e17fa5a1e587d6fd9806f7c1c062b63f8b09dda6702/ruff-0.12.11-py3-none-manylinux_2_17_aarch64.manylinux2014_aarch64.whl", hash = "sha256:411954eca8464595077a93e580e2918d0a01a19317af0a72132283e28ae21bee", size = 12160060, upload-time = "2025-08-28T13:58:35.74Z" },
    { url = "https://files.pythonhosted.org/packages/03/69/9870368326db26f20c946205fb2d0008988aea552dbaec35fbacbb46efaa/ruff-0.12.11-py3-none-manylinux_2_17_armv7l.manylinux2014_armv7l.whl", hash = "sha256:6a2c0a2e1a450f387bf2c6237c727dd22191ae8c00e448e0672d624b2bbd7fb0", size = 11799848, upload-time = "2025-08-28T13:58:38.051Z" },
    { url = "https://files.pythonhosted.org/packages/25/8c/dd2c7f990e9b3a8a55eee09d4e675027d31727ce33cdb29eab32d025bdc9/ruff-0.12.11-py3-none-manylinux_2_17_i686.manylinux2014_i686.whl", hash = "sha256:8ca4c3a7f937725fd2413c0e884b5248a19369ab9bdd850b5781348ba283f644", size = 13536288, upload-time = "2025-08-28T13:58:40.046Z" },
    { url = "https://files.pythonhosted.org/packages/7a/30/d5496fa09aba59b5e01ea76775a4c8897b13055884f56f1c35a4194c2297/ruff-0.12.11-py3-none-manylinux_2_17_ppc64.manylinux2014_ppc64.whl", hash = "sha256:4d1df0098124006f6a66ecf3581a7f7e754c4df7644b2e6704cd7ca80ff95211", size = 14490633, upload-time = "2025-08-28T13:58:42.285Z" },
    { url = "https://files.pythonhosted.org/packages/9b/2f/81f998180ad53445d403c386549d6946d0748e536d58fce5b5e173511183/ruff-0.12.11-py3-none-manylinux_2_17_ppc64le.manylinux2014_ppc64le.whl", hash = "sha256:5a8dd5f230efc99a24ace3b77e3555d3fbc0343aeed3fc84c8d89e75ab2ff793", size = 13888430, upload-time = "2025-08-28T13:58:44.641Z" },
    { url = "https://files.pythonhosted.org/packages/87/71/23a0d1d5892a377478c61dbbcffe82a3476b050f38b5162171942a029ef3/ruff-0.12.11-py3-none-manylinux_2_17_s390x.manylinux2014_s390x.whl", hash = "sha256:4dc75533039d0ed04cd33fb8ca9ac9620b99672fe7ff1533b6402206901c34ee", size = 12913133, upload-time = "2025-08-28T13:58:47.039Z" },
    { url = "https://files.pythonhosted.org/packages/80/22/3c6cef96627f89b344c933781ed38329bfb87737aa438f15da95907cbfd5/ruff-0.12.11-py3-none-manylinux_2_17_x86_64.manylinux2014_x86_64.whl", hash = "sha256:4fc58f9266d62c6eccc75261a665f26b4ef64840887fc6cbc552ce5b29f96cc8", size = 13169082, upload-time = "2025-08-28T13:58:49.157Z" },
    { url = "https://files.pythonhosted.org/packages/05/b5/68b3ff96160d8b49e8dd10785ff3186be18fd650d356036a3770386e6c7f/ruff-0.12.11-py3-none-manylinux_2_31_riscv64.whl", hash = "sha256:5a0113bd6eafd545146440225fe60b4e9489f59eb5f5f107acd715ba5f0b3d2f", size = 13139490, upload-time = "2025-08-28T13:58:51.593Z" },
    { url = "https://files.pythonhosted.org/packages/59/b9/050a3278ecd558f74f7ee016fbdf10591d50119df8d5f5da45a22c6afafc/ruff-0.12.11-py3-none-musllinux_1_2_aarch64.whl", hash = "sha256:0d737b4059d66295c3ea5720e6efc152623bb83fde5444209b69cd33a53e2000", size = 11958928, upload-time = "2025-08-28T13:58:53.943Z" },
    { url = "https://files.pythonhosted.org/packages/f9/bc/93be37347db854806904a43b0493af8d6873472dfb4b4b8cbb27786eb651/ruff-0.12.11-py3-none-musllinux_1_2_armv7l.whl", hash = "sha256:916fc5defee32dbc1fc1650b576a8fed68f5e8256e2180d4d9855aea43d6aab2", size = 11764513, upload-time = "2025-08-28T13:58:55.976Z" },
    { url = "https://files.pythonhosted.org/packages/7a/a1/1471751e2015a81fd8e166cd311456c11df74c7e8769d4aabfbc7584c7ac/ruff-0.12.11-py3-none-musllinux_1_2_i686.whl", hash = "sha256:c984f07d7adb42d3ded5be894fb4007f30f82c87559438b4879fe7aa08c62b39", size = 12745154, upload-time = "2025-08-28T13:58:58.16Z" },
    { url = "https://files.pythonhosted.org/packages/68/ab/2542b14890d0f4872dd81b7b2a6aed3ac1786fae1ce9b17e11e6df9e31e3/ruff-0.12.11-py3-none-musllinux_1_2_x86_64.whl", hash = "sha256:e07fbb89f2e9249f219d88331c833860489b49cdf4b032b8e4432e9b13e8a4b9", size = 13227653, upload-time = "2025-08-28T13:59:00.276Z" },
    { url = "https://files.pythonhosted.org/packages/22/16/2fbfc61047dbfd009c58a28369a693a1484ad15441723be1cd7fe69bb679/ruff-0.12.11-py3-none-win32.whl", hash = "sha256:c792e8f597c9c756e9bcd4d87cf407a00b60af77078c96f7b6366ea2ce9ba9d3", size = 11944270, upload-time = "2025-08-28T13:59:02.347Z" },
    { url = "https://files.pythonhosted.org/packages/08/a5/34276984705bfe069cd383101c45077ee029c3fe3b28225bf67aa35f0647/ruff-0.12.11-py3-none-win_amd64.whl", hash = "sha256:a3283325960307915b6deb3576b96919ee89432ebd9c48771ca12ee8afe4a0fd", size = 13046600, upload-time = "2025-08-28T13:59:04.751Z" },
    { url = "https://files.pythonhosted.org/packages/84/a8/001d4a7c2b37623a3fd7463208267fb906df40ff31db496157549cfd6e72/ruff-0.12.11-py3-none-win_arm64.whl", hash = "sha256:bae4d6e6a2676f8fb0f98b74594a048bae1b944aab17e9f5d504062303c6dbea", size = 12135290, upload-time = "2025-08-28T13:59:06.933Z" },
]

[[package]]
name = "structlog"
version = "25.4.0"
source = { registry = "https://pypi.org/simple" }
sdist = { url = "https://files.pythonhosted.org/packages/79/b9/6e672db4fec07349e7a8a8172c1a6ae235c58679ca29c3f86a61b5e59ff3/structlog-25.4.0.tar.gz", hash = "sha256:186cd1b0a8ae762e29417095664adf1d6a31702160a46dacb7796ea82f7409e4", size = 1369138, upload-time = "2025-06-02T08:21:12.971Z" }
wheels = [
    { url = "https://files.pythonhosted.org/packages/a0/4a/97ee6973e3a73c74c8120d59829c3861ea52210667ec3e7a16045c62b64d/structlog-25.4.0-py3-none-any.whl", hash = "sha256:fe809ff5c27e557d14e613f45ca441aabda051d119ee5a0102aaba6ce40eed2c", size = 68720, upload-time = "2025-06-02T08:21:11.43Z" },
]

[[package]]
name = "ty"
version = "0.0.1a21"
source = { registry = "https://pypi.org/simple" }
sdist = { url = "https://files.pythonhosted.org/packages/b7/0f/65606ccee2da5a05a3c3362f5233f058e9d29d3c5521697c7ae79545d246/ty-0.0.1a21.tar.gz", hash = "sha256:e941e9a9d1e54b03eeaf9c3197c26a19cf76009fd5e41e16e5657c1c827bd6d3", size = 4263980, upload-time = "2025-09-19T06:54:06.412Z" }
wheels = [
    { url = "https://files.pythonhosted.org/packages/d3/7a/c87a42d0a45cfa2d5c06c8d66aa1b243db16dc31b25e545fb0263308523b/ty-0.0.1a21-py3-none-linux_armv6l.whl", hash = "sha256:1f276ceab23a1410aec09508248c76ae0989c67fb7a0c287e0d4564994295531", size = 8421116, upload-time = "2025-09-19T06:53:35.029Z" },
    { url = "https://files.pythonhosted.org/packages/99/c2/721bf4fa21c84d4cdae0e57a06a88e7e64fc2dca38820232bd6cbeef644f/ty-0.0.1a21-py3-none-macosx_10_12_x86_64.whl", hash = "sha256:3c3bc66fcae41eff133cfe326dd65d82567a2fb5d4efe2128773b10ec2766819", size = 8512556, upload-time = "2025-09-19T06:53:37.455Z" },
    { url = "https://files.pythonhosted.org/packages/6c/58/b0585d9d61673e864a87e95760dfa2a90ac15702e7612ab064d354f6752a/ty-0.0.1a21-py3-none-macosx_11_0_arm64.whl", hash = "sha256:cc0880ec344fbdf736b05d8d0da01f0caaaa02409bd9a24b68d18d0127a79b0e", size = 8109188, upload-time = "2025-09-19T06:53:39.469Z" },
    { url = "https://files.pythonhosted.org/packages/ea/08/edf7b59ba24bb1a1af341207fc5a0106eb1fe4264c1d7fb672c171dd2daf/ty-0.0.1a21-py3-none-manylinux_2_17_aarch64.manylinux2014_aarch64.whl", hash = "sha256:334d2a212ebf42a0e55d57561926af7679fe1e878175e11dcb81ad8df892844e", size = 8279000, upload-time = "2025-09-19T06:53:41.309Z" },
    { url = "https://files.pythonhosted.org/packages/05/8e/4b5e562623e0aa24a3972510287b4bc5d98251afb353388d14008ea99954/ty-0.0.1a21-py3-none-manylinux_2_17_armv7l.manylinux2014_armv7l.whl", hash = "sha256:a8c769987d00fbc33054ff7e342633f475ea10dc43bc60fb9fb056159d48cb90", size = 8243261, upload-time = "2025-09-19T06:53:42.736Z" },
    { url = "https://files.pythonhosted.org/packages/c3/09/6476fa21f9962d5b9c8e8053fd0442ed8e3ceb7502e39700ab1935555199/ty-0.0.1a21-py3-none-manylinux_2_17_i686.manylinux2014_i686.whl", hash = "sha256:218d53e7919e885bd98e9196d9cb952d82178b299aa36da6f7f39333eb7400ed", size = 9150228, upload-time = "2025-09-19T06:53:44.242Z" },
    { url = "https://files.pythonhosted.org/packages/d2/96/49c158b6255fc1e22a5701c38f7d4c1b7f8be17a476ce9226fcae82a7b36/ty-0.0.1a21-py3-none-manylinux_2_17_ppc64.manylinux2014_ppc64.whl", hash = "sha256:84243455f295ed850bd53f7089819321807d4e6ee3b1cbff6086137ae0259466", size = 9628323, upload-time = "2025-09-19T06:53:45.998Z" },
    { url = "https://files.pythonhosted.org/packages/f4/65/37a8a5cb7b3254365c54b5e10f069e311c4252ed160b86fabd1203fbca5c/ty-0.0.1a21-py3-none-manylinux_2_17_ppc64le.manylinux2014_ppc64le.whl", hash = "sha256:87a200c21e02962e8a27374d9d152582331d57d709672431be58f4f898bf6cad", size = 9251233, upload-time = "2025-09-19T06:53:48.042Z" },
    { url = "https://files.pythonhosted.org/packages/a3/30/5b06120747da4a0f0bc54a4b051b42172603033dbee0bcf51bce7c21ada9/ty-0.0.1a21-py3-none-manylinux_2_17_s390x.manylinux2014_s390x.whl", hash = "sha256:be8f457d7841b7ead2a3f6b65ba668abc172a1150a0f1f6c0958af3725dbb61a", size = 8996186, upload-time = "2025-09-19T06:53:49.753Z" },
    { url = "https://files.pythonhosted.org/packages/af/fc/5aa122536b1acb57389f404f6328c20342242b78513a60459fee9b7d6f27/ty-0.0.1a21-py3-none-manylinux_2_17_x86_64.manylinux2014_x86_64.whl", hash = "sha256:1474d883129bb63da3b2380fc7ead824cd3baf6a9551e6aa476ffefc58057af3", size = 8722848, upload-time = "2025-09-19T06:53:51.566Z" },
    { url = "https://files.pythonhosted.org/packages/3a/c1/456dcc65a149df8410b1d75f0197a31d4beef74b7bb44cce42b03bf074e8/ty-0.0.1a21-py3-none-musllinux_1_2_aarch64.whl", hash = "sha256:0efba2e52b58f536f4198ba5c4a36cac2ba67d83ec6f429ebc7704233bcda4c3", size = 8220727, upload-time = "2025-09-19T06:53:53.753Z" },
    { url = "https://files.pythonhosted.org/packages/a4/86/b37505d942cd68235be5be407e43e15afa36669aaa2db9b6e5b43c1d9f91/ty-0.0.1a21-py3-none-musllinux_1_2_armv7l.whl", hash = "sha256:5dfc73299d441cc6454e36ed0a976877415024143dfca6592dc36f7701424383", size = 8279114, upload-time = "2025-09-19T06:53:55.343Z" },
    { url = "https://files.pythonhosted.org/packages/55/fe/0d9816f36d258e6b2a3d7518421be17c68954ea9a66b638de49588cc2e27/ty-0.0.1a21-py3-none-musllinux_1_2_i686.whl", hash = "sha256:ba13d03b9e095216ceb4e4d554a308517f28ab0a6e4dcd07cfe94563e4c2c489", size = 8701798, upload-time = "2025-09-19T06:53:57.17Z" },
    { url = "https://files.pythonhosted.org/packages/4e/7a/70539932e3e5a36c54bd5432ff44ed0c301c41a528365d8de5b8f79f4317/ty-0.0.1a21-py3-none-musllinux_1_2_x86_64.whl", hash = "sha256:9463cac96b8f1bb5ba740fe1d42cd6bd152b43c5b159b2f07f8fd629bcdded34", size = 8872676, upload-time = "2025-09-19T06:53:59.357Z" },
    { url = "https://files.pythonhosted.org/packages/ea/94/809d85f6982841fe28526ace3b282b0458d0a96bbc6b1a982d9269a5e481/ty-0.0.1a21-py3-none-win32.whl", hash = "sha256:ecf41706b803827b0de8717f32a434dad1e67be9f4b8caf403e12013179ea06a", size = 8003866, upload-time = "2025-09-19T06:54:01.393Z" },
    { url = "https://files.pythonhosted.org/packages/50/16/b3e914cec2a6344d2c30d3780ca6ecd39667173611f8776cecfd1294eab9/ty-0.0.1a21-py3-none-win_amd64.whl", hash = "sha256:7505aeb8bf2a62f00f12cfa496f6c965074d75c8126268776565284c8a12d5dd", size = 8675300, upload-time = "2025-09-19T06:54:02.893Z" },
    { url = "https://files.pythonhosted.org/packages/16/0b/293be6bc19f6da5e9b15e615a7100504f307dd4294d2c61cee3de91198e5/ty-0.0.1a21-py3-none-win_arm64.whl", hash = "sha256:21f708d02b6588323ffdbfdba38830dd0ecfd626db50aa6006b296b5470e52f9", size = 8193800, upload-time = "2025-09-19T06:54:04.583Z" },
]
